<?xml version="1.0" encoding="utf-8"?>
<Project ToolsVersion="4.0" xmlns="http://schemas.microsoft.com/developer/msbuild/2003">
  <ItemGroup>
    <ClInclude Include="..\source\IConnection.h" />
    <ClInclude Include="..\source\Types.h" />
    <ClInclude Include="..\source\IDecorator.h" />
    <ClInclude Include="..\source\Socket.h" />
    <ClInclude Include="..\source\TCPConnection.h" />
    <ClInclude Include="..\source\ProtoConnection.h" />
    <ClInclude Include="..\source\ConnectionManager.hpp">
      <Filter>ConnectionManager</Filter>
    </ClInclude>
    <ClInclude Include="..\source\Listener.h">
      <Filter>ConnectionManager</Filter>
    </ClInclude>
    <ClInclude Include="..\source\Engine.h">
      <Filter>Engine</Filter>
    </ClInclude>
    <ClInclude Include="..\source\InputThreading.h" />
  </ItemGroup>
  <ItemGroup>
    <ClCompile Include="main.cpp" />
    <ClCompile Include="..\source\Socket.cpp" />
    <ClCompile Include="..\source\TCPConnection.cpp" />
    <ClCompile Include="..\source\ProtoConnection.cpp" />
    <ClCompile Include="..\source\ConnectionManager.cpp">
      <Filter>ConnectionManager</Filter>
    </ClCompile>
    <ClCompile Include="..\source\Listener.cpp">
      <Filter>ConnectionManager</Filter>
    </ClCompile>
    <ClCompile Include="..\source\Engine.cpp">
      <Filter>Engine</Filter>
    </ClCompile>
    <ClCompile Include="..\source\InputThreading.cpp" />
  </ItemGroup>
  <ItemGroup>
    <Filter Include="ConnectionManager">
      <UniqueIdentifier>{d54ebefc-8a36-46b9-85b2-26a570f7710d}</UniqueIdentifier>
    </Filter>
    <Filter Include="Engine">
      <UniqueIdentifier>{7dc2aad2-9828-43c6-b54f-181911647f1e}</UniqueIdentifier>
    </Filter>
  </ItemGroup>
</Project>