
Microsoft Visual Studio Solution File, Format Version 11.00
# Visual Studio 2010
Project("{8BC9CEB8-8B4A-11D0-8D11-00A0C91BC942}") = "client", "client\client.vcxproj", "{E341B12D-29DC-4223-98ED-96AA8A3A16B3}"
EndProject
Project("{8BC9CEB8-8B4A-11D0-8D11-00A0C91BC942}") = "server", "server\server.vcxproj", "{007DC164-6899-4133-A4E9-A1E3D6145968}"
EndProject
Project("{8BC9CEB8-8B4A-11D0-8D11-00A0C91BC942}") = "test", "test\test.vcxproj", "{4CFF2BEF-B788-4A91-A4B4-F0AF874903D6}"
EndProject
Project("{8BC9CEB8-8B4A-11D0-8D11-00A0C91BC942}") = "test client", "test client\test client.vcxproj", "{71EF45B0-7B24-4690-818B-6AFF1DDE5864}"
EndProject
Global
	GlobalSection(SolutionConfigurationPlatforms) = preSolution
		Debug|Win32 = Debug|Win32
		Release|Win32 = Release|Win32
	EndGlobalSection
	GlobalSection(ProjectConfigurationPlatforms) = postSolution
		{E341B12D-29DC-4223-98ED-96AA8A3A16B3}.Debug|Win32.ActiveCfg = Debug|Win32
		{E341B12D-29DC-4223-98ED-96AA8A3A16B3}.Debug|Win32.Build.0 = Debug|Win32
		{E341B12D-29DC-4223-98ED-96AA8A3A16B3}.Release|Win32.ActiveCfg = Release|Win32
		{E341B12D-29DC-4223-98ED-96AA8A3A16B3}.Release|Win32.Build.0 = Release|Win32
		{007DC164-6899-4133-A4E9-A1E3D6145968}.Debug|Win32.ActiveCfg = Debug|Win32
		{007DC164-6899-4133-A4E9-A1E3D6145968}.Debug|Win32.Build.0 = Debug|Win32
		{007DC164-6899-4133-A4E9-A1E3D6145968}.Release|Win32.ActiveCfg = Release|Win32
		{007DC164-6899-4133-A4E9-A1E3D6145968}.Release|Win32.Build.0 = Release|Win32
		{4CFF2BEF-B788-4A91-A4B4-F0AF874903D6}.Debug|Win32.ActiveCfg = Debug|Win32
		{4CFF2BEF-B788-4A91-A4B4-F0AF874903D6}.Debug|Win32.Build.0 = Debug|Win32
		{4CFF2BEF-B788-4A91-A4B4-F0AF874903D6}.Release|Win32.ActiveCfg = Release|Win32
		{4CFF2BEF-B788-4A91-A4B4-F0AF874903D6}.Release|Win32.Build.0 = Release|Win32
		{71EF45B0-7B24-4690-818B-6AFF1DDE5864}.Debug|Win32.ActiveCfg = Debug|Win32
		{71EF45B0-7B24-4690-818B-6AFF1DDE5864}.Debug|Win32.Build.0 = Debug|Win32
		{71EF45B0-7B24-4690-818B-6AFF1DDE5864}.Release|Win32.ActiveCfg = Release|Win32
		{71EF45B0-7B24-4690-818B-6AFF1DDE5864}.Release|Win32.Build.0 = Release|Win32
	EndGlobalSection
	GlobalSection(SolutionProperties) = preSolution
		HideSolutionNode = FALSE
	EndGlobalSection
EndGlobal
